
Microsoft Visual Studio Solution File, Format Version 12.00
# Visual Studio Version 16
VisualStudioVersion = 16.0.30611.23
MinimumVisualStudioVersion = 10.0.40219.1
Project("{FAE04EC0-301F-11D3-BF4B-00C04F79EFBC}") = "dotNet5781_00_0170_5563", "dotNet5781_00_0170_5563\dotNet5781_00_0170_5563.csproj", "{64D58182-CEE8-4842-9524-C28686BD0C8B}"
EndProject
Project("{FAE04EC0-301F-11D3-BF4B-00C04F79EFBC}") = "dotNet5781_01_0170_5563", "dotNet5781_01_0170_5563\dotNet5781_01_0170_5563.csproj", "{14F1CF01-37BE-476B-8868-69E1F293D271}"
EndProject
Project("{FAE04EC0-301F-11D3-BF4B-00C04F79EFBC}") = "dotNet5781_02_0170_5563", "dotNet5781_02_0170_5563\dotNet5781_02_0170_5563.csproj", "{15A492B0-AFCE-4D1D-85F8-6D090AA4CE78}"
EndProject
Project("{FAE04EC0-301F-11D3-BF4B-00C04F79EFBC}") = "dotNet5781_03A_0170_5563", "dotNet5781_03A_0170_5563\dotNet5781_03A_0170_5563.csproj", "{B1C44AF4-9C33-4C44-A2DC-181A22F416B3}"
EndProject
Project("{FAE04EC0-301F-11D3-BF4B-00C04F79EFBC}") = "dotNet5781_03B_0170_5563", "dotNet5781_03B_0170_5563\dotNet5781_03B_0170_5563.csproj", "{16852EA1-2148-45FB-B99D-30C3828B18E7}"
EndProject
Global
	GlobalSection(SolutionConfigurationPlatforms) = preSolution
		Debug|Any CPU = Debug|Any CPU
		Release|Any CPU = Release|Any CPU
	EndGlobalSection
	GlobalSection(ProjectConfigurationPlatforms) = postSolution
		{64D58182-CEE8-4842-9524-C28686BD0C8B}.Debug|Any CPU.ActiveCfg = Debug|Any CPU
		{64D58182-CEE8-4842-9524-C28686BD0C8B}.Debug|Any CPU.Build.0 = Debug|Any CPU
		{64D58182-CEE8-4842-9524-C28686BD0C8B}.Release|Any CPU.ActiveCfg = Release|Any CPU
		{64D58182-CEE8-4842-9524-C28686BD0C8B}.Release|Any CPU.Build.0 = Release|Any CPU
		{14F1CF01-37BE-476B-8868-69E1F293D271}.Debug|Any CPU.ActiveCfg = Debug|Any CPU
		{14F1CF01-37BE-476B-8868-69E1F293D271}.Debug|Any CPU.Build.0 = Debug|Any CPU
		{14F1CF01-37BE-476B-8868-69E1F293D271}.Release|Any CPU.ActiveCfg = Release|Any CPU
		{14F1CF01-37BE-476B-8868-69E1F293D271}.Release|Any CPU.Build.0 = Release|Any CPU
		{15A492B0-AFCE-4D1D-85F8-6D090AA4CE78}.Debug|Any CPU.ActiveCfg = Debug|Any CPU
		{15A492B0-AFCE-4D1D-85F8-6D090AA4CE78}.Debug|Any CPU.Build.0 = Debug|Any CPU
		{15A492B0-AFCE-4D1D-85F8-6D090AA4CE78}.Release|Any CPU.ActiveCfg = Release|Any CPU
		{15A492B0-AFCE-4D1D-85F8-6D090AA4CE78}.Release|Any CPU.Build.0 = Release|Any CPU
		{B1C44AF4-9C33-4C44-A2DC-181A22F416B3}.Debug|Any CPU.ActiveCfg = Debug|Any CPU
		{B1C44AF4-9C33-4C44-A2DC-181A22F416B3}.Debug|Any CPU.Build.0 = Debug|Any CPU
		{B1C44AF4-9C33-4C44-A2DC-181A22F416B3}.Release|Any CPU.ActiveCfg = Release|Any CPU
		{B1C44AF4-9C33-4C44-A2DC-181A22F416B3}.Release|Any CPU.Build.0 = Release|Any CPU
		{16852EA1-2148-45FB-B99D-30C3828B18E7}.Debug|Any CPU.ActiveCfg = Debug|Any CPU
		{16852EA1-2148-45FB-B99D-30C3828B18E7}.Debug|Any CPU.Build.0 = Debug|Any CPU
		{16852EA1-2148-45FB-B99D-30C3828B18E7}.Release|Any CPU.ActiveCfg = Release|Any CPU
		{16852EA1-2148-45FB-B99D-30C3828B18E7}.Release|Any CPU.Build.0 = Release|Any CPU
	EndGlobalSection
	GlobalSection(SolutionProperties) = preSolution
		HideSolutionNode = FALSE
	EndGlobalSection
	GlobalSection(ExtensibilityGlobals) = postSolution
		SolutionGuid = {0CC376B7-45D6-41C6-82B9-AE9D31350D2A}
	EndGlobalSection
EndGlobal
